
Microsoft Visual Studio Solution File, Format Version 12.00
# Visual Studio Version 17
VisualStudioVersion = 17.2.32526.322
MinimumVisualStudioVersion = 10.0.40219.1
Project("{FAE04EC0-301F-11D3-BF4B-00C04F79EFBC}") = "Ihracat", "Ihracat\Ihracat.csproj", "{2416EA01-4B94-4093-8DDC-A36D5194CC4C}"
EndProject
Global
	GlobalSection(SolutionConfigurationPlatforms) = preSolution
		Debug|Any CPU = Debug|Any CPU
		Release|Any CPU = Release|Any CPU
	EndGlobalSection
	GlobalSection(ProjectConfigurationPlatforms) = postSolution
		{2416EA01-4B94-4093-8DDC-A36D5194CC4C}.Debug|Any CPU.ActiveCfg = Debug|Any CPU
		{2416EA01-4B94-4093-8DDC-A36D5194CC4C}.Debug|Any CPU.Build.0 = Debug|Any CPU
		{2416EA01-4B94-4093-8DDC-A36D5194CC4C}.Release|Any CPU.ActiveCfg = Release|Any CPU
		{2416EA01-4B94-4093-8DDC-A36D5194CC4C}.Release|Any CPU.Build.0 = Release|Any CPU
	EndGlobalSection
	GlobalSection(SolutionProperties) = preSolution
		HideSolutionNode = FALSE
	EndGlobalSection
	GlobalSection(ExtensibilityGlobals) = postSolution
		SolutionGuid = {B841A66E-1ECE-4759-941A-4EC6CD04C530}
	EndGlobalSection
EndGlobal
